{
  "name": "refresolver",
  "version": "1.0.0",
  "lockfileVersion": 2,
  "requires": true,
  "packages": {
    "": {
      "name": "refresolver",
      "version": "1.0.0",
      "license": "ISC",
      "dependencies": {
        "@stoplight/json-ref-resolver": "^3.1.4"
      },
      "devDependencies": {
        "@types/node": "^18.0.0"
      }
    },
    "node_modules/@stoplight/json": {
      "version": "3.18.1",
      "resolved": "https://registry.npmjs.org/@stoplight/json/-/json-3.18.1.tgz",
      "integrity": "sha512-QmELAqBS8DC+8YuG7+OvDVP6RaUVi8bzN0KKW2UEcZg+0a1sqeeZgfW079AmJIZg8HEN7udAt4iozIB8Dm0t1Q==",
      "dependencies": {
        "@stoplight/ordered-object-literal": "^1.0.2",
        "@stoplight/types": "^13.0.0",
        "jsonc-parser": "~2.2.1",
        "lodash": "^4.17.21",
        "safe-stable-stringify": "^1.1"
      },
      "engines": {
        "node": ">=8.3.0"
      }
    },
    "node_modules/@stoplight/json-ref-resolver": {
      "version": "3.1.4",
      "resolved": "https://registry.npmjs.org/@stoplight/json-ref-resolver/-/json-ref-resolver-3.1.4.tgz",
      "integrity": "sha512-842JVmMsi++qpDuIX+JpQvK7YY8FXEZZb+/z4xuRfStOAVEryJT/tbgGOWxniSdxEl9Eni5D/I2afMyy6BuiNw==",
      "dependencies": {
        "@stoplight/json": "^3.17.0",
        "@stoplight/path": "^1.3.2",
        "@stoplight/types": "^12.3.0 || ^13.0.0",
        "@types/urijs": "^1.19.19",
        "dependency-graph": "~0.11.0",
        "fast-memoize": "^2.5.2",
        "immer": "^9.0.6",
        "lodash": "^4.17.21",
        "tslib": "^2.3.1",
        "urijs": "^1.19.11"
      },
      "engines": {
        "node": ">=8.3.0"
      }
    },
    "node_modules/@stoplight/ordered-object-literal": {
      "version": "1.0.3",
      "resolved": "https://registry.npmjs.org/@stoplight/ordered-object-literal/-/ordered-object-literal-1.0.3.tgz",
      "integrity": "sha512-cjJ7PPkhgTXNMTkevAlmyrx9xOOCaI3c6rEeYb6VitL1o1WcZtrz9KyFyISmTmUa7yYTiy2IS/ud9S8s2sn3+A==",
      "engines": {
        "node": ">=8"
      }
    },
    "node_modules/@stoplight/path": {
      "version": "1.3.2",
      "resolved": "https://registry.npmjs.org/@stoplight/path/-/path-1.3.2.tgz",
      "integrity": "sha512-lyIc6JUlUA8Ve5ELywPC8I2Sdnh1zc1zmbYgVarhXIp9YeAB0ReeqmGEOWNtlHkbP2DAA1AL65Wfn2ncjK/jtQ==",
      "engines": {
        "node": ">=8"
      }
    },
    "node_modules/@stoplight/types": {
      "version": "13.3.0",
      "resolved": "https://registry.npmjs.org/@stoplight/types/-/types-13.3.0.tgz",
      "integrity": "sha512-1DuqsnlKXF6Cf4PAJyJKMSt73Y+54AR+x+mt1Z3XxfHaSl/m2z7dHhLqLlTRHNqB3GOOoLgYzfuzEwHuYKIXRw==",
      "dependencies": {
        "@types/json-schema": "^7.0.4",
        "utility-types": "^3.10.0"
      },
      "engines": {
        "node": "^12.20 || >=14.13"
      }
    },
    "node_modules/@types/json-schema": {
      "version": "7.0.11",
      "resolved": "https://registry.npmjs.org/@types/json-schema/-/json-schema-7.0.11.tgz",
      "integrity": "sha512-wOuvG1SN4Us4rez+tylwwwCV1psiNVOkJeM3AUWUNWg/jDQY2+HE/444y5gc+jBmRqASOm2Oeh5c1axHobwRKQ=="
    },
    "node_modules/@types/node": {
      "version": "18.0.0",
      "resolved": "https://registry.npmjs.org/@types/node/-/node-18.0.0.tgz",
      "integrity": "sha512-cHlGmko4gWLVI27cGJntjs/Sj8th9aYwplmZFwmmgYQQvL5NUsgVJG7OddLvNfLqYS31KFN0s3qlaD9qCaxACA==",
      "dev": true
    },
    "node_modules/@types/urijs": {
      "version": "1.19.19",
      "resolved": "https://registry.npmjs.org/@types/urijs/-/urijs-1.19.19.tgz",
      "integrity": "sha512-FDJNkyhmKLw7uEvTxx5tSXfPeQpO0iy73Ry+PmYZJvQy0QIWX8a7kJ4kLWRf+EbTPJEPDSgPXHaM7pzr5lmvCg=="
    },
    "node_modules/dependency-graph": {
      "version": "0.11.0",
      "resolved": "https://registry.npmjs.org/dependency-graph/-/dependency-graph-0.11.0.tgz",
      "integrity": "sha512-JeMq7fEshyepOWDfcfHK06N3MhyPhz++vtqWhMT5O9A3K42rdsEDpfdVqjaqaAhsw6a+ZqeDvQVtD0hFHQWrzg==",
      "engines": {
        "node": ">= 0.6.0"
      }
    },
    "node_modules/fast-memoize": {
      "version": "2.5.2",
      "resolved": "https://registry.npmjs.org/fast-memoize/-/fast-memoize-2.5.2.tgz",
      "integrity": "sha512-Ue0LwpDYErFbmNnZSF0UH6eImUwDmogUO1jyE+JbN2gsQz/jICm1Ve7t9QT0rNSsfJt+Hs4/S3GnsDVjL4HVrw=="
    },
    "node_modules/immer": {
      "version": "9.0.15",
      "resolved": "https://registry.npmjs.org/immer/-/immer-9.0.15.tgz",
      "integrity": "sha512-2eB/sswms9AEUSkOm4SbV5Y7Vmt/bKRwByd52jfLkW4OLYeaTP3EEiJ9agqU0O/tq6Dk62Zfj+TJSqfm1rLVGQ==",
      "funding": {
        "type": "opencollective",
        "url": "https://opencollective.com/immer"
      }
    },
    "node_modules/jsonc-parser": {
      "version": "2.2.1",
      "resolved": "https://registry.npmjs.org/jsonc-parser/-/jsonc-parser-2.2.1.tgz",
      "integrity": "sha512-o6/yDBYccGvTz1+QFevz6l6OBZ2+fMVu2JZ9CIhzsYRX4mjaK5IyX9eldUdCmga16zlgQxyrj5pt9kzuj2C02w=="
    },
    "node_modules/lodash": {
      "version": "4.17.21",
      "resolved": "https://registry.npmjs.org/lodash/-/lodash-4.17.21.tgz",
      "integrity": "sha512-v2kDEe57lecTulaDIuNTPy3Ry4gLGJ6Z1O3vE1krgXZNrsQ+LFTGHVxVjcXPs17LhbZVGedAJv8XZ1tvj5FvSg=="
    },
    "node_modules/safe-stable-stringify": {
      "version": "1.1.1",
      "resolved": "https://registry.npmjs.org/safe-stable-stringify/-/safe-stable-stringify-1.1.1.tgz",
      "integrity": "sha512-ERq4hUjKDbJfE4+XtZLFPCDi8Vb1JqaxAPTxWFLBx8XcAlf9Bda/ZJdVezs/NAfsMQScyIlUMx+Yeu7P7rx5jw=="
    },
    "node_modules/tslib": {
      "version": "2.4.0",
      "resolved": "https://registry.npmjs.org/tslib/-/tslib-2.4.0.tgz",
      "integrity": "sha512-d6xOpEDfsi2CZVlPQzGeux8XMwLT9hssAsaPYExaQMuYskwb+x1x7J371tWlbBdWHroy99KnVB6qIkUbs5X3UQ=="
    },
    "node_modules/urijs": {
      "version": "1.19.11",
      "resolved": "https://registry.npmjs.org/urijs/-/urijs-1.19.11.tgz",
      "integrity": "sha512-HXgFDgDommxn5/bIv0cnQZsPhHDA90NPHD6+c/v21U5+Sx5hoP8+dP9IZXBU1gIfvdRfhG8cel9QNPeionfcCQ=="
    },
    "node_modules/utility-types": {
      "version": "3.10.0",
      "resolved": "https://registry.npmjs.org/utility-types/-/utility-types-3.10.0.tgz",
      "integrity": "sha512-O11mqxmi7wMKCo6HKFt5AhO4BwY3VV68YU07tgxfz8zJTIxr4BpsezN49Ffwy9j3ZpwwJp4fkRwjRzq3uWE6Rg==",
      "engines": {
        "node": ">= 4"
      }
    }
  },
  "dependencies": {
    "@stoplight/json": {
      "version": "3.18.1",
      "resolved": "https://registry.npmjs.org/@stoplight/json/-/json-3.18.1.tgz",
      "integrity": "sha512-QmELAqBS8DC+8YuG7+OvDVP6RaUVi8bzN0KKW2UEcZg+0a1sqeeZgfW079AmJIZg8HEN7udAt4iozIB8Dm0t1Q==",
      "requires": {
        "@stoplight/ordered-object-literal": "^1.0.2",
        "@stoplight/types": "^13.0.0",
        "jsonc-parser": "~2.2.1",
        "lodash": "^4.17.21",
        "safe-stable-stringify": "^1.1"
      }
    },
    "@stoplight/json-ref-resolver": {
      "version": "3.1.4",
      "resolved": "https://registry.npmjs.org/@stoplight/json-ref-resolver/-/json-ref-resolver-3.1.4.tgz",
      "integrity": "sha512-842JVmMsi++qpDuIX+JpQvK7YY8FXEZZb+/z4xuRfStOAVEryJT/tbgGOWxniSdxEl9Eni5D/I2afMyy6BuiNw==",
      "requires": {
        "@stoplight/json": "^3.17.0",
        "@stoplight/path": "^1.3.2",
        "@stoplight/types": "^12.3.0 || ^13.0.0",
        "@types/urijs": "^1.19.19",
        "dependency-graph": "~0.11.0",
        "fast-memoize": "^2.5.2",
        "immer": "^9.0.6",
        "lodash": "^4.17.21",
        "tslib": "^2.3.1",
        "urijs": "^1.19.11"
      }
    },
    "@stoplight/ordered-object-literal": {
      "version": "1.0.3",
      "resolved": "https://registry.npmjs.org/@stoplight/ordered-object-literal/-/ordered-object-literal-1.0.3.tgz",
      "integrity": "sha512-cjJ7PPkhgTXNMTkevAlmyrx9xOOCaI3c6rEeYb6VitL1o1WcZtrz9KyFyISmTmUa7yYTiy2IS/ud9S8s2sn3+A=="
    },
    "@stoplight/path": {
      "version": "1.3.2",
      "resolved": "https://registry.npmjs.org/@stoplight/path/-/path-1.3.2.tgz",
      "integrity": "sha512-lyIc6JUlUA8Ve5ELywPC8I2Sdnh1zc1zmbYgVarhXIp9YeAB0ReeqmGEOWNtlHkbP2DAA1AL65Wfn2ncjK/jtQ=="
    },
    "@stoplight/types": {
      "version": "13.3.0",
      "resolved": "https://registry.npmjs.org/@stoplight/types/-/types-13.3.0.tgz",
      "integrity": "sha512-1DuqsnlKXF6Cf4PAJyJKMSt73Y+54AR+x+mt1Z3XxfHaSl/m2z7dHhLqLlTRHNqB3GOOoLgYzfuzEwHuYKIXRw==",
      "requires": {
        "@types/json-schema": "^7.0.4",
        "utility-types": "^3.10.0"
      }
    },
    "@types/json-schema": {
      "version": "7.0.11",
      "resolved": "https://registry.npmjs.org/@types/json-schema/-/json-schema-7.0.11.tgz",
      "integrity": "sha512-wOuvG1SN4Us4rez+tylwwwCV1psiNVOkJeM3AUWUNWg/jDQY2+HE/444y5gc+jBmRqASOm2Oeh5c1axHobwRKQ=="
    },
    "@types/node": {
      "version": "18.0.0",
      "resolved": "https://registry.npmjs.org/@types/node/-/node-18.0.0.tgz",
      "integrity": "sha512-cHlGmko4gWLVI27cGJntjs/Sj8th9aYwplmZFwmmgYQQvL5NUsgVJG7OddLvNfLqYS31KFN0s3qlaD9qCaxACA==",
      "dev": true
    },
    "@types/urijs": {
      "version": "1.19.19",
      "resolved": "https://registry.npmjs.org/@types/urijs/-/urijs-1.19.19.tgz",
      "integrity": "sha512-FDJNkyhmKLw7uEvTxx5tSXfPeQpO0iy73Ry+PmYZJvQy0QIWX8a7kJ4kLWRf+EbTPJEPDSgPXHaM7pzr5lmvCg=="
    },
    "dependency-graph": {
      "version": "0.11.0",
      "resolved": "https://registry.npmjs.org/dependency-graph/-/dependency-graph-0.11.0.tgz",
      "integrity": "sha512-JeMq7fEshyepOWDfcfHK06N3MhyPhz++vtqWhMT5O9A3K42rdsEDpfdVqjaqaAhsw6a+ZqeDvQVtD0hFHQWrzg=="
    },
    "fast-memoize": {
      "version": "2.5.2",
      "resolved": "https://registry.npmjs.org/fast-memoize/-/fast-memoize-2.5.2.tgz",
      "integrity": "sha512-Ue0LwpDYErFbmNnZSF0UH6eImUwDmogUO1jyE+JbN2gsQz/jICm1Ve7t9QT0rNSsfJt+Hs4/S3GnsDVjL4HVrw=="
    },
    "immer": {
      "version": "9.0.15",
      "resolved": "https://registry.npmjs.org/immer/-/immer-9.0.15.tgz",
      "integrity": "sha512-2eB/sswms9AEUSkOm4SbV5Y7Vmt/bKRwByd52jfLkW4OLYeaTP3EEiJ9agqU0O/tq6Dk62Zfj+TJSqfm1rLVGQ=="
    },
    "jsonc-parser": {
      "version": "2.2.1",
      "resolved": "https://registry.npmjs.org/jsonc-parser/-/jsonc-parser-2.2.1.tgz",
      "integrity": "sha512-o6/yDBYccGvTz1+QFevz6l6OBZ2+fMVu2JZ9CIhzsYRX4mjaK5IyX9eldUdCmga16zlgQxyrj5pt9kzuj2C02w=="
    },
    "lodash": {
      "version": "4.17.21",
      "resolved": "https://registry.npmjs.org/lodash/-/lodash-4.17.21.tgz",
      "integrity": "sha512-v2kDEe57lecTulaDIuNTPy3Ry4gLGJ6Z1O3vE1krgXZNrsQ+LFTGHVxVjcXPs17LhbZVGedAJv8XZ1tvj5FvSg=="
    },
    "safe-stable-stringify": {
      "version": "1.1.1",
      "resolved": "https://registry.npmjs.org/safe-stable-stringify/-/safe-stable-stringify-1.1.1.tgz",
      "integrity": "sha512-ERq4hUjKDbJfE4+XtZLFPCDi8Vb1JqaxAPTxWFLBx8XcAlf9Bda/ZJdVezs/NAfsMQScyIlUMx+Yeu7P7rx5jw=="
    },
    "tslib": {
      "version": "2.4.0",
      "resolved": "https://registry.npmjs.org/tslib/-/tslib-2.4.0.tgz",
      "integrity": "sha512-d6xOpEDfsi2CZVlPQzGeux8XMwLT9hssAsaPYExaQMuYskwb+x1x7J371tWlbBdWHroy99KnVB6qIkUbs5X3UQ=="
    },
    "urijs": {
      "version": "1.19.11",
      "resolved": "https://registry.npmjs.org/urijs/-/urijs-1.19.11.tgz",
      "integrity": "sha512-HXgFDgDommxn5/bIv0cnQZsPhHDA90NPHD6+c/v21U5+Sx5hoP8+dP9IZXBU1gIfvdRfhG8cel9QNPeionfcCQ=="
    },
    "utility-types": {
      "version": "3.10.0",
      "resolved": "https://registry.npmjs.org/utility-types/-/utility-types-3.10.0.tgz",
      "integrity": "sha512-O11mqxmi7wMKCo6HKFt5AhO4BwY3VV68YU07tgxfz8zJTIxr4BpsezN49Ffwy9j3ZpwwJp4fkRwjRzq3uWE6Rg=="
    }
  }
}
